
Microsoft Visual Studio Solution File, Format Version 12.00
# Visual Studio Version 16
VisualStudioVersion = 16.0.31727.386
MinimumVisualStudioVersion = 10.0.40219.1
Project("{FAE04EC0-301F-11D3-BF4B-00C04F79EFBC}") = "Proiect_final.Android", "Proiect_final\Proiect_final.Android\Proiect_final.Android.csproj", "{87B466A7-CF1C-4817-86A3-A528041F6FF6}"
EndProject
Project("{FAE04EC0-301F-11D3-BF4B-00C04F79EFBC}") = "Proiect_final.iOS", "Proiect_final\Proiect_final.iOS\Proiect_final.iOS.csproj", "{D59DE648-CCCD-4AD5-8E8F-B2CA601C9960}"
EndProject
Project("{9A19103F-16F7-4668-BE54-9A1E7A4F7556}") = "Proiect_final", "Proiect_final\Proiect_final\Proiect_final.csproj", "{27BF7DCC-A79A-483D-8431-1962502AA138}"
EndProject
Global
	GlobalSection(SolutionConfigurationPlatforms) = preSolution
		Debug|Any CPU = Debug|Any CPU
		Debug|iPhone = Debug|iPhone
		Debug|iPhoneSimulator = Debug|iPhoneSimulator
		Release|Any CPU = Release|Any CPU
		Release|iPhone = Release|iPhone
		Release|iPhoneSimulator = Release|iPhoneSimulator
	EndGlobalSection
	GlobalSection(ProjectConfigurationPlatforms) = postSolution
		{87B466A7-CF1C-4817-86A3-A528041F6FF6}.Debug|Any CPU.ActiveCfg = Debug|Any CPU
		{87B466A7-CF1C-4817-86A3-A528041F6FF6}.Debug|Any CPU.Build.0 = Debug|Any CPU
		{87B466A7-CF1C-4817-86A3-A528041F6FF6}.Debug|Any CPU.Deploy.0 = Debug|Any CPU
		{87B466A7-CF1C-4817-86A3-A528041F6FF6}.Debug|iPhone.ActiveCfg = Debug|Any CPU
		{87B466A7-CF1C-4817-86A3-A528041F6FF6}.Debug|iPhone.Build.0 = Debug|Any CPU
		{87B466A7-CF1C-4817-86A3-A528041F6FF6}.Debug|iPhone.Deploy.0 = Debug|Any CPU
		{87B466A7-CF1C-4817-86A3-A528041F6FF6}.Debug|iPhoneSimulator.ActiveCfg = Debug|Any CPU
		{87B466A7-CF1C-4817-86A3-A528041F6FF6}.Debug|iPhoneSimulator.Build.0 = Debug|Any CPU
		{87B466A7-CF1C-4817-86A3-A528041F6FF6}.Debug|iPhoneSimulator.Deploy.0 = Debug|Any CPU
		{87B466A7-CF1C-4817-86A3-A528041F6FF6}.Release|Any CPU.ActiveCfg = Release|Any CPU
		{87B466A7-CF1C-4817-86A3-A528041F6FF6}.Release|Any CPU.Build.0 = Release|Any CPU
		{87B466A7-CF1C-4817-86A3-A528041F6FF6}.Release|Any CPU.Deploy.0 = Release|Any CPU
		{87B466A7-CF1C-4817-86A3-A528041F6FF6}.Release|iPhone.ActiveCfg = Release|Any CPU
		{87B466A7-CF1C-4817-86A3-A528041F6FF6}.Release|iPhone.Build.0 = Release|Any CPU
		{87B466A7-CF1C-4817-86A3-A528041F6FF6}.Release|iPhone.Deploy.0 = Release|Any CPU
		{87B466A7-CF1C-4817-86A3-A528041F6FF6}.Release|iPhoneSimulator.ActiveCfg = Release|Any CPU
		{87B466A7-CF1C-4817-86A3-A528041F6FF6}.Release|iPhoneSimulator.Build.0 = Release|Any CPU
		{87B466A7-CF1C-4817-86A3-A528041F6FF6}.Release|iPhoneSimulator.Deploy.0 = Release|Any CPU
		{D59DE648-CCCD-4AD5-8E8F-B2CA601C9960}.Debug|Any CPU.ActiveCfg = Debug|iPhone
		{D59DE648-CCCD-4AD5-8E8F-B2CA601C9960}.Debug|Any CPU.Build.0 = Debug|iPhone
		{D59DE648-CCCD-4AD5-8E8F-B2CA601C9960}.Debug|Any CPU.Deploy.0 = Debug|iPhone
		{D59DE648-CCCD-4AD5-8E8F-B2CA601C9960}.Debug|iPhone.ActiveCfg = Debug|iPhone
		{D59DE648-CCCD-4AD5-8E8F-B2CA601C9960}.Debug|iPhone.Build.0 = Debug|iPhone
		{D59DE648-CCCD-4AD5-8E8F-B2CA601C9960}.Debug|iPhone.Deploy.0 = Debug|iPhone
		{D59DE648-CCCD-4AD5-8E8F-B2CA601C9960}.Debug|iPhoneSimulator.ActiveCfg = Debug|iPhoneSimulator
		{D59DE648-CCCD-4AD5-8E8F-B2CA601C9960}.Debug|iPhoneSimulator.Build.0 = Debug|iPhoneSimulator
		{D59DE648-CCCD-4AD5-8E8F-B2CA601C9960}.Debug|iPhoneSimulator.Deploy.0 = Debug|iPhoneSimulator
		{D59DE648-CCCD-4AD5-8E8F-B2CA601C9960}.Release|Any CPU.ActiveCfg = Release|iPhoneSimulator
		{D59DE648-CCCD-4AD5-8E8F-B2CA601C9960}.Release|Any CPU.Build.0 = Release|iPhoneSimulator
		{D59DE648-CCCD-4AD5-8E8F-B2CA601C9960}.Release|Any CPU.Deploy.0 = Release|iPhoneSimulator
		{D59DE648-CCCD-4AD5-8E8F-B2CA601C9960}.Release|iPhone.ActiveCfg = Release|iPhone
		{D59DE648-CCCD-4AD5-8E8F-B2CA601C9960}.Release|iPhone.Build.0 = Release|iPhone
		{D59DE648-CCCD-4AD5-8E8F-B2CA601C9960}.Release|iPhone.Deploy.0 = Release|iPhone
		{D59DE648-CCCD-4AD5-8E8F-B2CA601C9960}.Release|iPhoneSimulator.ActiveCfg = Release|iPhoneSimulator
		{D59DE648-CCCD-4AD5-8E8F-B2CA601C9960}.Release|iPhoneSimulator.Build.0 = Release|iPhoneSimulator
		{D59DE648-CCCD-4AD5-8E8F-B2CA601C9960}.Release|iPhoneSimulator.Deploy.0 = Release|iPhoneSimulator
		{27BF7DCC-A79A-483D-8431-1962502AA138}.Debug|Any CPU.ActiveCfg = Debug|Any CPU
		{27BF7DCC-A79A-483D-8431-1962502AA138}.Debug|Any CPU.Build.0 = Debug|Any CPU
		{27BF7DCC-A79A-483D-8431-1962502AA138}.Debug|Any CPU.Deploy.0 = Debug|Any CPU
		{27BF7DCC-A79A-483D-8431-1962502AA138}.Debug|iPhone.ActiveCfg = Debug|Any CPU
		{27BF7DCC-A79A-483D-8431-1962502AA138}.Debug|iPhone.Build.0 = Debug|Any CPU
		{27BF7DCC-A79A-483D-8431-1962502AA138}.Debug|iPhone.Deploy.0 = Debug|Any CPU
		{27BF7DCC-A79A-483D-8431-1962502AA138}.Debug|iPhoneSimulator.ActiveCfg = Debug|Any CPU
		{27BF7DCC-A79A-483D-8431-1962502AA138}.Debug|iPhoneSimulator.Build.0 = Debug|Any CPU
		{27BF7DCC-A79A-483D-8431-1962502AA138}.Debug|iPhoneSimulator.Deploy.0 = Debug|Any CPU
		{27BF7DCC-A79A-483D-8431-1962502AA138}.Release|Any CPU.ActiveCfg = Release|Any CPU
		{27BF7DCC-A79A-483D-8431-1962502AA138}.Release|Any CPU.Build.0 = Release|Any CPU
		{27BF7DCC-A79A-483D-8431-1962502AA138}.Release|Any CPU.Deploy.0 = Release|Any CPU
		{27BF7DCC-A79A-483D-8431-1962502AA138}.Release|iPhone.ActiveCfg = Release|Any CPU
		{27BF7DCC-A79A-483D-8431-1962502AA138}.Release|iPhone.Build.0 = Release|Any CPU
		{27BF7DCC-A79A-483D-8431-1962502AA138}.Release|iPhone.Deploy.0 = Release|Any CPU
		{27BF7DCC-A79A-483D-8431-1962502AA138}.Release|iPhoneSimulator.ActiveCfg = Release|Any CPU
		{27BF7DCC-A79A-483D-8431-1962502AA138}.Release|iPhoneSimulator.Build.0 = Release|Any CPU
		{27BF7DCC-A79A-483D-8431-1962502AA138}.Release|iPhoneSimulator.Deploy.0 = Release|Any CPU
	EndGlobalSection
	GlobalSection(SolutionProperties) = preSolution
		HideSolutionNode = FALSE
	EndGlobalSection
	GlobalSection(ExtensibilityGlobals) = postSolution
		SolutionGuid = {591EC49D-E3EA-4D3A-BCEB-42D05A471DA6}
	EndGlobalSection
EndGlobal
